
Microsoft Visual Studio Solution File, Format Version 12.00
# Visual Studio Version 17
VisualStudioVersion = 17.14.36401.2 d17.14
MinimumVisualStudioVersion = 10.0.40219.1
Project("{FAE04EC0-301F-11D3-BF4B-00C04F79EFBC}") = "ATM API System", "ATM API System\ATM API System.csproj", "{199735E3-0150-4F30-83F4-F9C6CFB26970}"
EndProject
Global
	GlobalSection(SolutionConfigurationPlatforms) = preSolution
		Debug|Any CPU = Debug|Any CPU
		Release|Any CPU = Release|Any CPU
	EndGlobalSection
	GlobalSection(ProjectConfigurationPlatforms) = postSolution
		{199735E3-0150-4F30-83F4-F9C6CFB26970}.Debug|Any CPU.ActiveCfg = Debug|Any CPU
		{199735E3-0150-4F30-83F4-F9C6CFB26970}.Debug|Any CPU.Build.0 = Debug|Any CPU
		{199735E3-0150-4F30-83F4-F9C6CFB26970}.Release|Any CPU.ActiveCfg = Release|Any CPU
		{199735E3-0150-4F30-83F4-F9C6CFB26970}.Release|Any CPU.Build.0 = Release|Any CPU
	EndGlobalSection
	GlobalSection(SolutionProperties) = preSolution
		HideSolutionNode = FALSE
	EndGlobalSection
	GlobalSection(ExtensibilityGlobals) = postSolution
		SolutionGuid = {935B007D-9821-4F18-886C-4790BACCF05A}
	EndGlobalSection
EndGlobal
